// !$*UTF8*$!
{
	archiveVersion = 1;
	classes = {
	};
	objectVersion = 77;
	objects = {

/* Begin PBXContainerItemProxy section */
		C4A85ADC2CF9849900CEBB18 /* PBXContainerItemProxy */ = {
			isa = PBXContainerItemProxy;
			containerPortal = C4A85ABD2CF9849700CEBB18 /* Project object */;
			proxyType = 1;
			remoteGlobalIDString = C4A85AC42CF9849700CEBB18;
			remoteInfo = "I Spy";
		};
		C4A85AE62CF9849900CEBB18 /* PBXContainerItemProxy */ = {
			isa = PBXContainerItemProxy;
			containerPortal = C4A85ABD2CF9849700CEBB18 /* Project object */;
			proxyType = 1;
			remoteGlobalIDString = C4A85AC42CF9849700CEBB18;
			remoteInfo = "I Spy";
		};
/* End PBXContainerItemProxy section */

/* Begin PBXFileReference section */
		C4A85AC52CF9849700CEBB18 /* I Spy.app */ = {isa = PBXFileReference; explicitFileType = wrapper.application; includeInIndex = 0; path = "I Spy.app"; sourceTree = BUILT_PRODUCTS_DIR; };
		C4A85ADB2CF9849900CEBB18 /* I SpyTests.xctest */ = {isa = PBXFileReference; explicitFileType = wrapper.cfbundle; includeInIndex = 0; path = "I SpyTests.xctest"; sourceTree = BUILT_PRODUCTS_DIR; };
		C4A85AE52CF9849900CEBB18 /* I SpyUITests.xctest */ = {isa = PBXFileReference; explicitFileType = wrapper.cfbundle; includeInIndex = 0; path = "I SpyUITests.xctest"; sourceTree = BUILT_PRODUCTS_DIR; };
/* End PBXFileReference section */

/* Begin PBXFileSystemSynchronizedBuildFileExceptionSet section */
		C4A85AED2CF9849900CEBB18 /* Exceptions for "I Spy" folder in "I Spy" target */ = {
			isa = PBXFileSystemSynchronizedBuildFileExceptionSet;
			membershipExceptions = (
				Info.plist,
			);
			target = C4A85AC42CF9849700CEBB18 /* I Spy */;
		};
/* End PBXFileSystemSynchronizedBuildFileExceptionSet section */

/* Begin PBXFileSystemSynchronizedRootGroup section */
		C4A85AC72CF9849700CEBB18 /* I Spy */ = {
			isa = PBXFileSystemSynchronizedRootGroup;
			exceptions = (
				C4A85AED2CF9849900CEBB18 /* Exceptions for "I Spy" folder in "I Spy" target */,
			);
			path = "I Spy";
			sourceTree = "<group>";
		};
		C4A85ADE2CF9849900CEBB18 /* I SpyTests */ = {
			isa = PBXFileSystemSynchronizedRootGroup;
			path = "I SpyTests";
			sourceTree = "<group>";
		};
		C4A85AE82CF9849900CEBB18 /* I SpyUITests */ = {
			isa = PBXFileSystemSynchronizedRootGroup;
			path = "I SpyUITests";
			sourceTree = "<group>";
		};
/* End PBXFileSystemSynchronizedRootGroup section */

/* Begin PBXFrameworksBuildPhase section */
		C4A85AC22CF9849700CEBB18 /* Frameworks */ = {
			isa = PBXFrameworksBuildPhase;
			buildActionMask = 2147483647;
			files = (
			);
			runOnlyForDeploymentPostprocessing = 0;
		};
		C4A85AD82CF9849900CEBB18 /* Frameworks */ = {
			isa = PBXFrameworksBuildPhase;
			buildActionMask = 2147483647;
			files = (
			);
			runOnlyForDeploymentPostprocessing = 0;
		};
		C4A85AE22CF9849900CEBB18 /* Frameworks */ = {
			isa = PBXFrameworksBuildPhase;
			buildActionMask = 2147483647;
			files = (
			);
			runOnlyForDeploymentPostprocessing = 0;
		};
/* End PBXFrameworksBuildPhase section */

/* Begin PBXGroup section */
		C4A85ABC2CF9849700CEBB18 = {
			isa = PBXGroup;
			children = (
				C4A85AC72CF9849700CEBB18 /* I Spy */,
				C4A85ADE2CF9849900CEBB18 /* I SpyTests */,
				C4A85AE82CF9849900CEBB18 /* I SpyUITests */,
				C4A85AC62CF9849700CEBB18 /* Products */,
			);
			sourceTree = "<group>";
		};
		C4A85AC62CF9849700CEBB18 /* Products */ = {
			isa = PBXGroup;
			children = (
				C4A85AC52CF9849700CEBB18 /* I Spy.app */,
				C4A85ADB2CF9849900CEBB18 /* I SpyTests.xctest */,
				C4A85AE52CF9849900CEBB18 /* I SpyUITests.xctest */,
			);
			name = Products;
			sourceTree = "<group>";
		};
/* End PBXGroup section */

/* Begin PBXNativeTarget section */
		C4A85AC42CF9849700CEBB18 /* I Spy */ = {
			isa = PBXNativeTarget;
			buildConfigurationList = C4A85AEE2CF9849900CEBB18 /* Build configuration list for PBXNativeTarget "I Spy" */;
			buildPhases = (
				C4A85AC12CF9849700CEBB18 /* Sources */,
				C4A85AC22CF9849700CEBB18 /* Frameworks */,
				C4A85AC32CF9849700CEBB18 /* Resources */,
			);
			buildRules = (
			);
			dependencies = (
			);
			fileSystemSynchronizedGroups = (
				C4A85AC72CF9849700CEBB18 /* I Spy */,
			);
			name = "I Spy";
			packageProductDependencies = (
			);
			productName = "I Spy";
			productReference = C4A85AC52CF9849700CEBB18 /* I Spy.app */;
			productType = "com.apple.product-type.application";
		};
		C4A85ADA2CF9849900CEBB18 /* I SpyTests */ = {
			isa = PBXNativeTarget;
			buildConfigurationList = C4A85AF32CF9849900CEBB18 /* Build configuration list for PBXNativeTarget "I SpyTests" */;
			buildPhases = (
				C4A85AD72CF9849900CEBB18 /* Sources */,
				C4A85AD82CF9849900CEBB18 /* Frameworks */,
				C4A85AD92CF9849900CEBB18 /* Resources */,
			);
			buildRules = (
			);
			dependencies = (
				C4A85ADD2CF9849900CEBB18 /* PBXTargetDependency */,
			);
			fileSystemSynchronizedGroups = (
				C4A85ADE2CF9849900CEBB18 /* I SpyTests */,
			);
			name = "I SpyTests";
			packageProductDependencies = (
			);
			productName = "I SpyTests";
			productReference = C4A85ADB2CF9849900CEBB18 /* I SpyTests.xctest */;
			productType = "com.apple.product-type.bundle.unit-test";
		};
		C4A85AE42CF9849900CEBB18 /* I SpyUITests */ = {
			isa = PBXNativeTarget;
			buildConfigurationList = C4A85AF62CF9849900CEBB18 /* Build configuration list for PBXNativeTarget "I SpyUITests" */;
			buildPhases = (
				C4A85AE12CF9849900CEBB18 /* Sources */,
				C4A85AE22CF9849900CEBB18 /* Frameworks */,
				C4A85AE32CF9849900CEBB18 /* Resources */,
			);
			buildRules = (
			);
			dependencies = (
				C4A85AE72CF9849900CEBB18 /* PBXTargetDependency */,
			);
			fileSystemSynchronizedGroups = (
				C4A85AE82CF9849900CEBB18 /* I SpyUITests */,
			);
			name = "I SpyUITests";
			packageProductDependencies = (
			);
			productName = "I SpyUITests";
			productReference = C4A85AE52CF9849900CEBB18 /* I SpyUITests.xctest */;
			productType = "com.apple.product-type.bundle.ui-testing";
		};
/* End PBXNativeTarget section */

/* Begin PBXProject section */
		C4A85ABD2CF9849700CEBB18 /* Project object */ = {
			isa = PBXProject;
			attributes = {
				BuildIndependentTargetsInParallel = 1;
				LastSwiftUpdateCheck = 1610;
				LastUpgradeCheck = 1610;
				TargetAttributes = {
					C4A85AC42CF9849700CEBB18 = {
						CreatedOnToolsVersion = 16.1;
					};
					C4A85ADA2CF9849900CEBB18 = {
						CreatedOnToolsVersion = 16.1;
						TestTargetID = C4A85AC42CF9849700CEBB18;
					};
					C4A85AE42CF9849900CEBB18 = {
						CreatedOnToolsVersion = 16.1;
						TestTargetID = C4A85AC42CF9849700CEBB18;
					};
				};
			};
			buildConfigurationList = C4A85AC02CF9849700CEBB18 /* Build configuration list for PBXProject "I Spy" */;
			developmentRegion = en;
			hasScannedForEncodings = 0;
			knownRegions = (
				en,
				Base,
			);
			mainGroup = C4A85ABC2CF9849700CEBB18;
			minimizedProjectReferenceProxies = 1;
			preferredProjectObjectVersion = 77;
			productRefGroup = C4A85AC62CF9849700CEBB18 /* Products */;
			projectDirPath = "";
			projectRoot = "";
			targets = (
				C4A85AC42CF9849700CEBB18 /* I Spy */,
				C4A85ADA2CF9849900CEBB18 /* I SpyTests */,
				C4A85AE42CF9849900CEBB18 /* I SpyUITests */,
			);
		};
/* End PBXProject section */

/* Begin PBXResourcesBuildPhase section */
		C4A85AC32CF9849700CEBB18 /* Resources */ = {
			isa = PBXResourcesBuildPhase;
			buildActionMask = 2147483647;
			files = (
			);
			runOnlyForDeploymentPostprocessing = 0;
		};
		C4A85AD92CF9849900CEBB18 /* Resources */ = {
			isa = PBXResourcesBuildPhase;
			buildActionMask = 2147483647;
			files = (
			);
			runOnlyForDeploymentPostprocessing = 0;
		};
		C4A85AE32CF9849900CEBB18 /* Resources */ = {
			isa = PBXResourcesBuildPhase;
			buildActionMask = 2147483647;
			files = (
			);
			runOnlyForDeploymentPostprocessing = 0;
		};
/* End PBXResourcesBuildPhase section */

/* Begin PBXSourcesBuildPhase section */
		C4A85AC12CF9849700CEBB18 /* Sources */ = {
			isa = PBXSourcesBuildPhase;
			buildActionMask = 2147483647;
			files = (
			);
			runOnlyForDeploymentPostprocessing = 0;
		};
		C4A85AD72CF9849900CEBB18 /* Sources */ = {
			isa = PBXSourcesBuildPhase;
			buildActionMask = 2147483647;
			files = (
			);
			runOnlyForDeploymentPostprocessing = 0;
		};
		C4A85AE12CF9849900CEBB18 /* Sources */ = {
			isa = PBXSourcesBuildPhase;
			buildActionMask = 2147483647;
			files = (
			);
			runOnlyForDeploymentPostprocessing = 0;
		};
/* End PBXSourcesBuildPhase section */

/* Begin PBXTargetDependency section */
		C4A85ADD2CF9849900CEBB18 /* PBXTargetDependency */ = {
			isa = PBXTargetDependency;
			target = C4A85AC42CF9849700CEBB18 /* I Spy */;
			targetProxy = C4A85ADC2CF9849900CEBB18 /* PBXContainerItemProxy */;
		};
		C4A85AE72CF9849900CEBB18 /* PBXTargetDependency */ = {
			isa = PBXTargetDependency;
			target = C4A85AC42CF9849700CEBB18 /* I Spy */;
			targetProxy = C4A85AE62CF9849900CEBB18 /* PBXContainerItemProxy */;
		};
/* End PBXTargetDependency section */

/* Begin XCBuildConfiguration section */
		C4A85AEF2CF9849900CEBB18 /* Debug */ = {
			isa = XCBuildConfiguration;
			buildSettings = {
				ASSETCATALOG_COMPILER_APPICON_NAME = AppIcon;
				ASSETCATALOG_COMPILER_GLOBAL_ACCENT_COLOR_NAME = AccentColor;
				CODE_SIGN_STYLE = Automatic;
				CURRENT_PROJECT_VERSION = 1;
				GENERATE_INFOPLIST_FILE = YES;
				INFOPLIST_FILE = "I Spy/Info.plist";
				INFOPLIST_KEY_UIApplicationSupportsIndirectInputEvents = YES;
				INFOPLIST_KEY_UILaunchStoryboardName = LaunchScreen;
				INFOPLIST_KEY_UIMainStoryboardFile = Main;
				INFOPLIST_KEY_UISupportedInterfaceOrientations_iPad = "UIInterfaceOrientationPortrait UIInterfaceOrientationPortraitUpsideDown UIInterfaceOrientationLandscapeLeft UIInterfaceOrientationLandscapeRight";
				INFOPLIST_KEY_UISupportedInterfaceOrientations_iPhone = "UIInterfaceOrientationPortrait UIInterfaceOrientationLandscapeLeft UIInterfaceOrientationLandscapeRight";
				LD_RUNPATH_SEARCH_PATHS = (
					"$(inherited)",
					"@executable_path/Frameworks",
				);
				MARKETING_VERSION = 1.0;
				PRODUCT_BUNDLE_IDENTIFIER = "com.example.I-Spy";
				PRODUCT_NAME = "$(TARGET_NAME)";
				SWIFT_EMIT_LOC_STRINGS = YES;
				SWIFT_VERSION = 5.0;
				TARGETED_DEVICE_FAMILY = "1,2";
			};
			name = Debug;
		};
		C4A85AF02CF9849900CEBB18 /* Release */ = {
			isa = XCBuildConfiguration;
			buildSettings = {
				ASSETCATALOG_COMPILER_APPICON_NAME = AppIcon;
				ASSETCATALOG_COMPILER_GLOBAL_ACCENT_COLOR_NAME = AccentColor;
				CODE_SIGN_STYLE = Automatic;
				CURRENT_PROJECT_VERSION = 1;
				GENERATE_INFOPLIST_FILE = YES;
				INFOPLIST_FILE = "I Spy/Info.plist";
				INFOPLIST_KEY_UIApplicationSupportsIndirectInputEvents = YES;
				INFOPLIST_KEY_UILaunchStoryboardName = LaunchScreen;
				INFOPLIST_KEY_UIMainStoryboardFile = Main;
				INFOPLIST_KEY_UISupportedInterfaceOrientations_iPad = "UIInterfaceOrientationPortrait UIInterfaceOrientationPortraitUpsideDown UIInterfaceOrientationLandscapeLeft UIInterfaceOrientationLandscapeRight";
				INFOPLIST_KEY_UISupportedInterfaceOrientations_iPhone = "UIInterfaceOrientationPortrait UIInterfaceOrientationLandscapeLeft UIInterfaceOrientationLandscapeRight";
				LD_RUNPATH_SEARCH_PATHS = (
					"$(inherited)",
					"@executable_path/Frameworks",
				);
				MARKETING_VERSION = 1.0;
				PRODUCT_BUNDLE_IDENTIFIER = "com.example.I-Spy";
				PRODUCT_NAME = "$(TARGET_NAME)";
				SWIFT_EMIT_LOC_STRINGS = YES;
				SWIFT_VERSION = 5.0;
				TARGETED_DEVICE_FAMILY = "1,2";
			};
			name = Release;
		};
		C4A85AF12CF9849900CEBB18 /* Debug */ = {
			isa = XCBuildConfiguration;
			buildSettings = {
				ALWAYS_SEARCH_USER_PATHS = NO;
				ASSETCATALOG_COMPILER_GENERATE_SWIFT_ASSET_SYMBOL_EXTENSIONS = YES;
				CLANG_ANALYZER_NONNULL = YES;
				CLANG_ANALYZER_NUMBER_OBJECT_CONVERSION = YES_AGGRESSIVE;
				CLANG_CXX_LANGUAGE_STANDARD = "gnu++20";
				CLANG_ENABLE_MODULES = YES;
				CLANG_ENABLE_OBJC_ARC = YES;
				CLANG_ENABLE_OBJC_WEAK = YES;
				CLANG_WARN_BLOCK_CAPTURE_AUTORELEASING = YES;
				CLANG_WARN_BOOL_CONVERSION = YES;
				CLANG_WARN_COMMA = YES;
				CLANG_WARN_CONSTANT_CONVERSION = YES;
				CLANG_WARN_DEPRECATED_OBJC_IMPLEMENTATIONS = YES;
				CLANG_WARN_DIRECT_OBJC_ISA_USAGE = YES_ERROR;
				CLANG_WARN_DOCUMENTATION_COMMENTS = YES;
				CLANG_WARN_EMPTY_BODY = YES;
				CLANG_WARN_ENUM_CONVERSION = YES;
				CLANG_WARN_INFINITE_RECURSION = YES;
				CLANG_WARN_INT_CONVERSION = YES;
				CLANG_WARN_NON_LITERAL_NULL_CONVERSION = YES;
				CLANG_WARN_OBJC_IMPLICIT_RETAIN_SELF = YES;
				CLANG_WARN_OBJC_LITERAL_CONVERSION = YES;
				CLANG_WARN_OBJC_ROOT_CLASS = YES_ERROR;
				CLANG_WARN_QUOTED_INCLUDE_IN_FRAMEWORK_HEADER = YES;
				CLANG_WARN_RANGE_LOOP_ANALYSIS = YES;
				CLANG_WARN_STRICT_PROTOTYPES = YES;
				CLANG_WARN_SUSPICIOUS_MOVE = YES;
				CLANG_WARN_UNGUARDED_AVAILABILITY = YES_AGGRESSIVE;
				CLANG_WARN_UNREACHABLE_CODE = YES;
				CLANG_WARN__DUPLICATE_METHOD_MATCH = YES;
				COPY_PHASE_STRIP = NO;
				DEBUG_INFORMATION_FORMAT = dwarf;
				ENABLE_STRICT_OBJC_MSGSEND = YES;
				ENABLE_TESTABILITY = YES;
				ENABLE_USER_SCRIPT_SANDBOXING = YES;
				GCC_C_LANGUAGE_STANDARD = gnu17;
				GCC_DYNAMIC_NO_PIC = NO;
				GCC_NO_COMMON_BLOCKS = YES;
				GCC_OPTIMIZATION_LEVEL = 0;
				GCC_PREPROCESSOR_DEFINITIONS = (
					"DEBUG=1",
					"$(inherited)",
				);
				GCC_WARN_64_TO_32_BIT_CONVERSION = YES;
				GCC_WARN_ABOUT_RETURN_TYPE = YES_ERROR;
				GCC_WARN_UNDECLARED_SELECTOR = YES;
				GCC_WARN_UNINITIALIZED_AUTOS = YES_AGGRESSIVE;
				GCC_WARN_UNUSED_FUNCTION = YES;
				GCC_WARN_UNUSED_VARIABLE = YES;
				IPHONEOS_DEPLOYMENT_TARGET = 18.1;
				LOCALIZATION_PREFERS_STRING_CATALOGS = YES;
				MTL_ENABLE_DEBUG_INFO = INCLUDE_SOURCE;
				MTL_FAST_MATH = YES;
				ONLY_ACTIVE_ARCH = YES;
				SDKROOT = iphoneos;
				SWIFT_ACTIVE_COMPILATION_CONDITIONS = "DEBUG $(inherited)";
				SWIFT_OPTIMIZATION_LEVEL = "-Onone";
			};
			name = Debug;
		};
		C4A85AF22CF9849900CEBB18 /* Release */ = {
			isa = XCBuildConfiguration;
			buildSettings = {
				ALWAYS_SEARCH_USER_PATHS = NO;
				ASSETCATALOG_COMPILER_GENERATE_SWIFT_ASSET_SYMBOL_EXTENSIONS = YES;
				CLANG_ANALYZER_NONNULL = YES;
				CLANG_ANALYZER_NUMBER_OBJECT_CONVERSION = YES_AGGRESSIVE;
				CLANG_CXX_LANGUAGE_STANDARD = "gnu++20";
				CLANG_ENABLE_MODULES = YES;
				CLANG_ENABLE_OBJC_ARC = YES;
				CLANG_ENABLE_OBJC_WEAK = YES;
				CLANG_WARN_BLOCK_CAPTURE_AUTORELEASING = YES;
				CLANG_WARN_BOOL_CONVERSION = YES;
				CLANG_WARN_COMMA = YES;
				CLANG_WARN_CONSTANT_CONVERSION = YES;
				CLANG_WARN_DEPRECATED_OBJC_IMPLEMENTATIONS = YES;
				CLANG_WARN_DIRECT_OBJC_ISA_USAGE = YES_ERROR;
				CLANG_WARN_DOCUMENTATION_COMMENTS = YES;
				CLANG_WARN_EMPTY_BODY = YES;
				CLANG_WARN_ENUM_CONVERSION = YES;
				CLANG_WARN_INFINITE_RECURSION = YES;
				CLANG_WARN_INT_CONVERSION = YES;
				CLANG_WARN_NON_LITERAL_NULL_CONVERSION = YES;
				CLANG_WARN_OBJC_IMPLICIT_RETAIN_SELF = YES;
				CLANG_WARN_OBJC_LITERAL_CONVERSION = YES;
				CLANG_WARN_OBJC_ROOT_CLASS = YES_ERROR;
				CLANG_WARN_QUOTED_INCLUDE_IN_FRAMEWORK_HEADER = YES;
				CLANG_WARN_RANGE_LOOP_ANALYSIS = YES;
				CLANG_WARN_STRICT_PROTOTYPES = YES;
				CLANG_WARN_SUSPICIOUS_MOVE = YES;
				CLANG_WARN_UNGUARDED_AVAILABILITY = YES_AGGRESSIVE;
				CLANG_WARN_UNREACHABLE_CODE = YES;
				CLANG_WARN__DUPLICATE_METHOD_MATCH = YES;
				COPY_PHASE_STRIP = NO;
				DEBUG_INFORMATION_FORMAT = "dwarf-with-dsym";
				ENABLE_NS_ASSERTIONS = NO;
				ENABLE_STRICT_OBJC_MSGSEND = YES;
				ENABLE_USER_SCRIPT_SANDBOXING = YES;
				GCC_C_LANGUAGE_STANDARD = gnu17;
				GCC_NO_COMMON_BLOCKS = YES;
				GCC_WARN_64_TO_32_BIT_CONVERSION = YES;
				GCC_WARN_ABOUT_RETURN_TYPE = YES_ERROR;
				GCC_WARN_UNDECLARED_SELECTOR = YES;
				GCC_WARN_UNINITIALIZED_AUTOS = YES_AGGRESSIVE;
				GCC_WARN_UNUSED_FUNCTION = YES;
				GCC_WARN_UNUSED_VARIABLE = YES;
				IPHONEOS_DEPLOYMENT_TARGET = 18.1;
				LOCALIZATION_PREFERS_STRING_CATALOGS = YES;
				MTL_ENABLE_DEBUG_INFO = NO;
				MTL_FAST_MATH = YES;
				SDKROOT = iphoneos;
				SWIFT_COMPILATION_MODE = wholemodule;
				VALIDATE_PRODUCT = YES;
			};
			name = Release;
		};
		C4A85AF42CF9849900CEBB18 /* Debug */ = {
			isa = XCBuildConfiguration;
			buildSettings = {
				BUNDLE_LOADER = "$(TEST_HOST)";
				CODE_SIGN_STYLE = Automatic;
				CURRENT_PROJECT_VERSION = 1;
				GENERATE_INFOPLIST_FILE = YES;
				IPHONEOS_DEPLOYMENT_TARGET = 18.1;
				MARKETING_VERSION = 1.0;
				PRODUCT_BUNDLE_IDENTIFIER = "com.example.I-SpyTests";
				PRODUCT_NAME = "$(TARGET_NAME)";
				SWIFT_EMIT_LOC_STRINGS = NO;
				SWIFT_VERSION = 5.0;
				TARGETED_DEVICE_FAMILY = "1,2";
				TEST_HOST = "$(BUILT_PRODUCTS_DIR)/I Spy.app/$(BUNDLE_EXECUTABLE_FOLDER_PATH)/I Spy";
			};
			name = Debug;
		};
		C4A85AF52CF9849900CEBB18 /* Release */ = {
			isa = XCBuildConfiguration;
			buildSettings = {
				BUNDLE_LOADER = "$(TEST_HOST)";
				CODE_SIGN_STYLE = Automatic;
				CURRENT_PROJECT_VERSION = 1;
				GENERATE_INFOPLIST_FILE = YES;
				IPHONEOS_DEPLOYMENT_TARGET = 18.1;
				MARKETING_VERSION = 1.0;
				PRODUCT_BUNDLE_IDENTIFIER = "com.example.I-SpyTests";
				PRODUCT_NAME = "$(TARGET_NAME)";
				SWIFT_EMIT_LOC_STRINGS = NO;
				SWIFT_VERSION = 5.0;
				TARGETED_DEVICE_FAMILY = "1,2";
				TEST_HOST = "$(BUILT_PRODUCTS_DIR)/I Spy.app/$(BUNDLE_EXECUTABLE_FOLDER_PATH)/I Spy";
			};
			name = Release;
		};
		C4A85AF72CF9849900CEBB18 /* Debug */ = {
			isa = XCBuildConfiguration;
			buildSettings = {
				CODE_SIGN_STYLE = Automatic;
				CURRENT_PROJECT_VERSION = 1;
				GENERATE_INFOPLIST_FILE = YES;
				MARKETING_VERSION = 1.0;
				PRODUCT_BUNDLE_IDENTIFIER = "com.example.I-SpyUITests";
				PRODUCT_NAME = "$(TARGET_NAME)";
				SWIFT_EMIT_LOC_STRINGS = NO;
				SWIFT_VERSION = 5.0;
				TARGETED_DEVICE_FAMILY = "1,2";
				TEST_TARGET_NAME = "I Spy";
			};
			name = Debug;
		};
		C4A85AF82CF9849900CEBB18 /* Release */ = {
			isa = XCBuildConfiguration;
			buildSettings = {
				CODE_SIGN_STYLE = Automatic;
				CURRENT_PROJECT_VERSION = 1;
				GENERATE_INFOPLIST_FILE = YES;
				MARKETING_VERSION = 1.0;
				PRODUCT_BUNDLE_IDENTIFIER = "com.example.I-SpyUITests";
				PRODUCT_NAME = "$(TARGET_NAME)";
				SWIFT_EMIT_LOC_STRINGS = NO;
				SWIFT_VERSION = 5.0;
				TARGETED_DEVICE_FAMILY = "1,2";
				TEST_TARGET_NAME = "I Spy";
			};
			name = Release;
		};
/* End XCBuildConfiguration section */

/* Begin XCConfigurationList section */
		C4A85AC02CF9849700CEBB18 /* Build configuration list for PBXProject "I Spy" */ = {
			isa = XCConfigurationList;
			buildConfigurations = (
				C4A85AF12CF9849900CEBB18 /* Debug */,
				C4A85AF22CF9849900CEBB18 /* Release */,
			);
			defaultConfigurationIsVisible = 0;
			defaultConfigurationName = Release;
		};
		C4A85AEE2CF9849900CEBB18 /* Build configuration list for PBXNativeTarget "I Spy" */ = {
			isa = XCConfigurationList;
			buildConfigurations = (
				C4A85AEF2CF9849900CEBB18 /* Debug */,
				C4A85AF02CF9849900CEBB18 /* Release */,
			);
			defaultConfigurationIsVisible = 0;
			defaultConfigurationName = Release;
		};
		C4A85AF32CF9849900CEBB18 /* Build configuration list for PBXNativeTarget "I SpyTests" */ = {
			isa = XCConfigurationList;
			buildConfigurations = (
				C4A85AF42CF9849900CEBB18 /* Debug */,
				C4A85AF52CF9849900CEBB18 /* Release */,
			);
			defaultConfigurationIsVisible = 0;
			defaultConfigurationName = Release;
		};
		C4A85AF62CF9849900CEBB18 /* Build configuration list for PBXNativeTarget "I SpyUITests" */ = {
			isa = XCConfigurationList;
			buildConfigurations = (
				C4A85AF72CF9849900CEBB18 /* Debug */,
				C4A85AF82CF9849900CEBB18 /* Release */,
			);
			defaultConfigurationIsVisible = 0;
			defaultConfigurationName = Release;
		};
/* End XCConfigurationList section */
	};
	rootObject = C4A85ABD2CF9849700CEBB18 /* Project object */;
}
